
Microsoft Visual Studio Solution File, Format Version 12.00
# Visual Studio Version 16
VisualStudioVersion = 16.0.30611.23
MinimumVisualStudioVersion = 10.0.40219.1
Project("{FAE04EC0-301F-11D3-BF4B-00C04F79EFBC}") = "Lab7 Task3", "Lab7 Task3\Lab7 Task3.csproj", "{9B48154B-8A1A-4898-8C00-044F8F87F5EA}"
EndProject
Global
	GlobalSection(SolutionConfigurationPlatforms) = preSolution
		Debug|Any CPU = Debug|Any CPU
		Release|Any CPU = Release|Any CPU
	EndGlobalSection
	GlobalSection(ProjectConfigurationPlatforms) = postSolution
		{9B48154B-8A1A-4898-8C00-044F8F87F5EA}.Debug|Any CPU.ActiveCfg = Debug|Any CPU
		{9B48154B-8A1A-4898-8C00-044F8F87F5EA}.Debug|Any CPU.Build.0 = Debug|Any CPU
		{9B48154B-8A1A-4898-8C00-044F8F87F5EA}.Release|Any CPU.ActiveCfg = Release|Any CPU
		{9B48154B-8A1A-4898-8C00-044F8F87F5EA}.Release|Any CPU.Build.0 = Release|Any CPU
	EndGlobalSection
	GlobalSection(SolutionProperties) = preSolution
		HideSolutionNode = FALSE
	EndGlobalSection
	GlobalSection(ExtensibilityGlobals) = postSolution
		SolutionGuid = {DB252806-32C0-4335-98B4-965726746B73}
	EndGlobalSection
EndGlobal
